
Microsoft Visual Studio Solution File, Format Version 10.00
# Visual C++ Express 2008
Project("{8BC9CEB8-8B4A-11D0-8D11-00A0C91BC942}") = "Scanning_Mode_Demo", "Scanning_Demo\Scanning_Mode_Demo.vcproj", "{A8D58F28-664D-4BAC-A071-1D2448C5B061}"
EndProject
Global
	GlobalSection(SolutionConfigurationPlatforms) = preSolution
		Debug|Win32 = Debug|Win32
		Release|Win32 = Release|Win32
	EndGlobalSection
	GlobalSection(ProjectConfigurationPlatforms) = postSolution
		{A8D58F28-664D-4BAC-A071-1D2448C5B061}.Debug|Win32.ActiveCfg = Debug|Win32
		{A8D58F28-664D-4BAC-A071-1D2448C5B061}.Debug|Win32.Build.0 = Debug|Win32
		{A8D58F28-664D-4BAC-A071-1D2448C5B061}.Release|Win32.ActiveCfg = Release|Win32
		{A8D58F28-664D-4BAC-A071-1D2448C5B061}.Release|Win32.Build.0 = Release|Win32
	EndGlobalSection
	GlobalSection(SolutionProperties) = preSolution
		HideSolutionNode = FALSE
	EndGlobalSection
EndGlobal
